PODS:
  - Shared (0.1)
  - SwiftLint (0.52.4)

DEPENDENCIES:
  - Shared (from `../shared`)
  - SwiftLint

SPEC REPOS:
  trunk:
    - SwiftLint

EXTERNAL SOURCES:
  Shared:
    :path: "../shared"

SPEC CHECKSUMS:
  Shared: 881bb17195c2d86d07f6daeb85a218c56a3172eb
  SwiftLint: 1cc5cd61ba9bacb2194e340aeb47a2a37fda00b3

PODFILE CHECKSUM: 9031bc9c7521976498249bca1ad8dc23cb008713

COCOAPODS: 1.12.1
